
Microsoft Visual Studio Solution File, Format Version 12.00
# Visual Studio Version 17
VisualStudioVersion = 17.5.002.0
MinimumVisualStudioVersion = 10.0.40219.1
Project("{9A19103F-16F7-4668-BE54-9A1E7A4F7556}") = "simple-game-programming-warm-up-Zander-Driesenga-student", "simple-game-programming-warm-up-Zander-Driesenga-student.csproj", "{B4145A21-F133-4338-95BB-17AABC01B355}"
EndProject
Global
	GlobalSection(SolutionConfigurationPlatforms) = preSolution
		Debug|Any CPU = Debug|Any CPU
		Release|Any CPU = Release|Any CPU
	EndGlobalSection
	GlobalSection(ProjectConfigurationPlatforms) = postSolution
		{B4145A21-F133-4338-95BB-17AABC01B355}.Debug|Any CPU.ActiveCfg = Debug|Any CPU
		{B4145A21-F133-4338-95BB-17AABC01B355}.Debug|Any CPU.Build.0 = Debug|Any CPU
		{B4145A21-F133-4338-95BB-17AABC01B355}.Release|Any CPU.ActiveCfg = Release|Any CPU
		{B4145A21-F133-4338-95BB-17AABC01B355}.Release|Any CPU.Build.0 = Release|Any CPU
	EndGlobalSection
	GlobalSection(SolutionProperties) = preSolution
		HideSolutionNode = FALSE
	EndGlobalSection
	GlobalSection(ExtensibilityGlobals) = postSolution
		SolutionGuid = {06288F88-0F1B-45E3-8C4D-6FB06B617B3B}
	EndGlobalSection
EndGlobal
